
Microsoft Visual Studio Solution File, Format Version 12.00
# Visual Studio 15
VisualStudioVersion = 15.0.28307.271
MinimumVisualStudioVersion = 10.0.40219.1
Project("{9A19103F-16F7-4668-BE54-9A1E7A4F7556}") = "FoodBot", "FoodBot.csproj", "{4437AA64-93EE-4D04-8CA7-6913162EDC88}"
EndProject
Global
	GlobalSection(SolutionConfigurationPlatforms) = preSolution
		Debug|Any CPU = Debug|Any CPU
		Release|Any CPU = Release|Any CPU
	EndGlobalSection
	GlobalSection(ProjectConfigurationPlatforms) = postSolution
		{4437AA64-93EE-4D04-8CA7-6913162EDC88}.Debug|Any CPU.ActiveCfg = Debug|Any CPU
		{4437AA64-93EE-4D04-8CA7-6913162EDC88}.Debug|Any CPU.Build.0 = Debug|Any CPU
		{4437AA64-93EE-4D04-8CA7-6913162EDC88}.Release|Any CPU.ActiveCfg = Release|Any CPU
		{4437AA64-93EE-4D04-8CA7-6913162EDC88}.Release|Any CPU.Build.0 = Release|Any CPU
	EndGlobalSection
	GlobalSection(SolutionProperties) = preSolution
		HideSolutionNode = FALSE
	EndGlobalSection
	GlobalSection(ExtensibilityGlobals) = postSolution
		SolutionGuid = {13ED77FC-5A2D-43A8-BB15-F1F66B66AF1D}
	EndGlobalSection
EndGlobal
